// !$*UTF8*$!
{
	archiveVersion = 1;
	classes = {
	};
	objectVersion = 55;
	objects = {

/* Begin PBXBuildFile section */
		5A21C4E0276A88FB00AC6D55 /* Tests_iOS.swift in Sources */ = {isa = PBXBuildFile; fileRef = 5A21C4DF276A88FB00AC6D55 /* Tests_iOS.swift */; };
		5A21C4E2276A88FB00AC6D55 /* Tests_iOSLaunchTests.swift in Sources */ = {isa = PBXBuildFile; fileRef = 5A21C4E1276A88FB00AC6D55 /* Tests_iOSLaunchTests.swift */; };
		5A21C4EC276A88FB00AC6D55 /* Tests_macOS.swift in Sources */ = {isa = PBXBuildFile; fileRef = 5A21C4EB276A88FB00AC6D55 /* Tests_macOS.swift */; };
		5A21C4EE276A88FB00AC6D55 /* Tests_macOSLaunchTests.swift in Sources */ = {isa = PBXBuildFile; fileRef = 5A21C4ED276A88FB00AC6D55 /* Tests_macOSLaunchTests.swift */; };
		5A21C4EF276A88FB00AC6D55 /* AGMockServerDemoApp.swift in Sources */ = {isa = PBXBuildFile; fileRef = 5A21C4C7276A88FB00AC6D55 /* AGMockServerDemoApp.swift */; };
		5A21C4F0276A88FB00AC6D55 /* AGMockServerDemoApp.swift in Sources */ = {isa = PBXBuildFile; fileRef = 5A21C4C7276A88FB00AC6D55 /* AGMockServerDemoApp.swift */; };
		5A21C4F1276A88FB00AC6D55 /* ContentView.swift in Sources */ = {isa = PBXBuildFile; fileRef = 5A21C4C8276A88FB00AC6D55 /* ContentView.swift */; };
		5A21C4F2276A88FB00AC6D55 /* ContentView.swift in Sources */ = {isa = PBXBuildFile; fileRef = 5A21C4C8276A88FB00AC6D55 /* ContentView.swift */; };
		5A21C4F3276A88FB00AC6D55 /* Assets.xcassets in Resources */ = {isa = PBXBuildFile; fileRef = 5A21C4C9276A88FB00AC6D55 /* Assets.xcassets */; };
		5A21C4F4276A88FB00AC6D55 /* Assets.xcassets in Resources */ = {isa = PBXBuildFile; fileRef = 5A21C4C9276A88FB00AC6D55 /* Assets.xcassets */; };
/* End PBXBuildFile section */

/* Begin PBXContainerItemProxy section */
		5A21C4DC276A88FB00AC6D55 /* PBXContainerItemProxy */ = {
			isa = PBXContainerItemProxy;
			containerPortal = 5A21C4C2276A88FB00AC6D55 /* Project object */;
			proxyType = 1;
			remoteGlobalIDString = 5A21C4CD276A88FB00AC6D55;
			remoteInfo = "AGMockServerDemo (iOS)";
		};
		5A21C4E8276A88FB00AC6D55 /* PBXContainerItemProxy */ = {
			isa = PBXContainerItemProxy;
			containerPortal = 5A21C4C2276A88FB00AC6D55 /* Project object */;
			proxyType = 1;
			remoteGlobalIDString = 5A21C4D3276A88FB00AC6D55;
			remoteInfo = "AGMockServerDemo (macOS)";
		};
/* End PBXContainerItemProxy section */

/* Begin PBXFileReference section */
		5A21C4C7276A88FB00AC6D55 /* AGMockServerDemoApp.swift */ = {isa = PBXFileReference; lastKnownFileType = sourcecode.swift; path = AGMockServerDemoApp.swift; sourceTree = "<group>"; };
		5A21C4C8276A88FB00AC6D55 /* ContentView.swift */ = {isa = PBXFileReference; lastKnownFileType = sourcecode.swift; path = ContentView.swift; sourceTree = "<group>"; };
		5A21C4C9276A88FB00AC6D55 /* Assets.xcassets */ = {isa = PBXFileReference; lastKnownFileType = folder.assetcatalog; path = Assets.xcassets; sourceTree = "<group>"; };
		5A21C4CE276A88FB00AC6D55 /* AGMockServerDemo.app */ = {isa = PBXFileReference; explicitFileType = wrapper.application; includeInIndex = 0; path = AGMockServerDemo.app; sourceTree = BUILT_PRODUCTS_DIR; };
		5A21C4D4276A88FB00AC6D55 /* AGMockServerDemo.app */ = {isa = PBXFileReference; explicitFileType = wrapper.application; includeInIndex = 0; path = AGMockServerDemo.app; sourceTree = BUILT_PRODUCTS_DIR; };
		5A21C4D6276A88FB00AC6D55 /* macOS.entitlements */ = {isa = PBXFileReference; lastKnownFileType = text.plist.entitlements; path = macOS.entitlements; sourceTree = "<group>"; };
		5A21C4DB276A88FB00AC6D55 /* Tests iOS.xctest */ = {isa = PBXFileReference; explicitFileType = wrapper.cfbundle; includeInIndex = 0; path = "Tests iOS.xctest"; sourceTree = BUILT_PRODUCTS_DIR; };
		5A21C4DF276A88FB00AC6D55 /* Tests_iOS.swift */ = {isa = PBXFileReference; lastKnownFileType = sourcecode.swift; path = Tests_iOS.swift; sourceTree = "<group>"; };
		5A21C4E1276A88FB00AC6D55 /* Tests_iOSLaunchTests.swift */ = {isa = PBXFileReference; lastKnownFileType = sourcecode.swift; path = Tests_iOSLaunchTests.swift; sourceTree = "<group>"; };
		5A21C4E7276A88FB00AC6D55 /* Tests macOS.xctest */ = {isa = PBXFileReference; explicitFileType = wrapper.cfbundle; includeInIndex = 0; path = "Tests macOS.xctest"; sourceTree = BUILT_PRODUCTS_DIR; };
		5A21C4EB276A88FB00AC6D55 /* Tests_macOS.swift */ = {isa = PBXFileReference; lastKnownFileType = sourcecode.swift; path = Tests_macOS.swift; sourceTree = "<group>"; };
		5A21C4ED276A88FB00AC6D55 /* Tests_macOSLaunchTests.swift */ = {isa = PBXFileReference; lastKnownFileType = sourcecode.swift; path = Tests_macOSLaunchTests.swift; sourceTree = "<group>"; };
/* End PBXFileReference section */

/* Begin PBXFrameworksBuildPhase section */
		5A21C4CB276A88FB00AC6D55 /* Frameworks */ = {
			isa = PBXFrameworksBuildPhase;
			buildActionMask = 2147483647;
			files = (
			);
			runOnlyForDeploymentPostprocessing = 0;
		};
		5A21C4D1276A88FB00AC6D55 /* Frameworks */ = {
			isa = PBXFrameworksBuildPhase;
			buildActionMask = 2147483647;
			files = (
			);
			runOnlyForDeploymentPostprocessing = 0;
		};
		5A21C4D8276A88FB00AC6D55 /* Frameworks */ = {
			isa = PBXFrameworksBuildPhase;
			buildActionMask = 2147483647;
			files = (
			);
			runOnlyForDeploymentPostprocessing = 0;
		};
		5A21C4E4276A88FB00AC6D55 /* Frameworks */ = {
			isa = PBXFrameworksBuildPhase;
			buildActionMask = 2147483647;
			files = (
			);
			runOnlyForDeploymentPostprocessing = 0;
		};
/* End PBXFrameworksBuildPhase section */

/* Begin PBXGroup section */
		5A21C4C1276A88FB00AC6D55 = {
			isa = PBXGroup;
			children = (
				5A21C4C6276A88FB00AC6D55 /* Shared */,
				5A21C4D5276A88FB00AC6D55 /* macOS */,
				5A21C4DE276A88FB00AC6D55 /* Tests iOS */,
				5A21C4EA276A88FB00AC6D55 /* Tests macOS */,
				5A21C4CF276A88FB00AC6D55 /* Products */,
			);
			sourceTree = "<group>";
		};
		5A21C4C6276A88FB00AC6D55 /* Shared */ = {
			isa = PBXGroup;
			children = (
				5A21C4C7276A88FB00AC6D55 /* AGMockServerDemoApp.swift */,
				5A21C4C8276A88FB00AC6D55 /* ContentView.swift */,
				5A21C4C9276A88FB00AC6D55 /* Assets.xcassets */,
			);
			path = Shared;
			sourceTree = "<group>";
		};
		5A21C4CF276A88FB00AC6D55 /* Products */ = {
			isa = PBXGroup;
			children = (
				5A21C4CE276A88FB00AC6D55 /* AGMockServerDemo.app */,
				5A21C4D4276A88FB00AC6D55 /* AGMockServerDemo.app */,
				5A21C4DB276A88FB00AC6D55 /* Tests iOS.xctest */,
				5A21C4E7276A88FB00AC6D55 /* Tests macOS.xctest */,
			);
			name = Products;
			sourceTree = "<group>";
		};
		5A21C4D5276A88FB00AC6D55 /* macOS */ = {
			isa = PBXGroup;
			children = (
				5A21C4D6276A88FB00AC6D55 /* macOS.entitlements */,
			);
			path = macOS;
			sourceTree = "<group>";
		};
		5A21C4DE276A88FB00AC6D55 /* Tests iOS */ = {
			isa = PBXGroup;
			children = (
				5A21C4DF276A88FB00AC6D55 /* Tests_iOS.swift */,
				5A21C4E1276A88FB00AC6D55 /* Tests_iOSLaunchTests.swift */,
			);
			path = "Tests iOS";
			sourceTree = "<group>";
		};
		5A21C4EA276A88FB00AC6D55 /* Tests macOS */ = {
			isa = PBXGroup;
			children = (
				5A21C4EB276A88FB00AC6D55 /* Tests_macOS.swift */,
				5A21C4ED276A88FB00AC6D55 /* Tests_macOSLaunchTests.swift */,
			);
			path = "Tests macOS";
			sourceTree = "<group>";
		};
/* End PBXGroup section */

/* Begin PBXNativeTarget section */
		5A21C4CD276A88FB00AC6D55 /* AGMockServerDemo (iOS) */ = {
			isa = PBXNativeTarget;
			buildConfigurationList = 5A21C4F7276A88FB00AC6D55 /* Build configuration list for PBXNativeTarget "AGMockServerDemo (iOS)" */;
			buildPhases = (
				5A21C4CA276A88FB00AC6D55 /* Sources */,
				5A21C4CB276A88FB00AC6D55 /* Frameworks */,
				5A21C4CC276A88FB00AC6D55 /* Resources */,
			);
			buildRules = (
			);
			dependencies = (
			);
			name = "AGMockServerDemo (iOS)";
			productName = "AGMockServerDemo (iOS)";
			productReference = 5A21C4CE276A88FB00AC6D55 /* AGMockServerDemo.app */;
			productType = "com.apple.product-type.application";
		};
		5A21C4D3276A88FB00AC6D55 /* AGMockServerDemo (macOS) */ = {
			isa = PBXNativeTarget;
			buildConfigurationList = 5A21C4FA276A88FB00AC6D55 /* Build configuration list for PBXNativeTarget "AGMockServerDemo (macOS)" */;
			buildPhases = (
				5A21C4D0276A88FB00AC6D55 /* Sources */,
				5A21C4D1276A88FB00AC6D55 /* Frameworks */,
				5A21C4D2276A88FB00AC6D55 /* Resources */,
			);
			buildRules = (
			);
			dependencies = (
			);
			name = "AGMockServerDemo (macOS)";
			productName = "AGMockServerDemo (macOS)";
			productReference = 5A21C4D4276A88FB00AC6D55 /* AGMockServerDemo.app */;
			productType = "com.apple.product-type.application";
		};
		5A21C4DA276A88FB00AC6D55 /* Tests iOS */ = {
			isa = PBXNativeTarget;
			buildConfigurationList = 5A21C4FD276A88FB00AC6D55 /* Build configuration list for PBXNativeTarget "Tests iOS" */;
			buildPhases = (
				5A21C4D7276A88FB00AC6D55 /* Sources */,
				5A21C4D8276A88FB00AC6D55 /* Frameworks */,
				5A21C4D9276A88FB00AC6D55 /* Resources */,
			);
			buildRules = (
			);
			dependencies = (
				5A21C4DD276A88FB00AC6D55 /* PBXTargetDependency */,
			);
			name = "Tests iOS";
			productName = "Tests iOS";
			productReference = 5A21C4DB276A88FB00AC6D55 /* Tests iOS.xctest */;
			productType = "com.apple.product-type.bundle.ui-testing";
		};
		5A21C4E6276A88FB00AC6D55 /* Tests macOS */ = {
			isa = PBXNativeTarget;
			buildConfigurationList = 5A21C500276A88FB00AC6D55 /* Build configuration list for PBXNativeTarget "Tests macOS" */;
			buildPhases = (
				5A21C4E3276A88FB00AC6D55 /* Sources */,
				5A21C4E4276A88FB00AC6D55 /* Frameworks */,
				5A21C4E5276A88FB00AC6D55 /* Resources */,
			);
			buildRules = (
			);
			dependencies = (
				5A21C4E9276A88FB00AC6D55 /* PBXTargetDependency */,
			);
			name = "Tests macOS";
			productName = "Tests macOS";
			productReference = 5A21C4E7276A88FB00AC6D55 /* Tests macOS.xctest */;
			productType = "com.apple.product-type.bundle.ui-testing";
		};
/* End PBXNativeTarget section */

/* Begin PBXProject section */
		5A21C4C2276A88FB00AC6D55 /* Project object */ = {
			isa = PBXProject;
			attributes = {
				BuildIndependentTargetsInParallel = 1;
				LastSwiftUpdateCheck = 1320;
				LastUpgradeCheck = 1320;
				TargetAttributes = {
					5A21C4CD276A88FB00AC6D55 = {
						CreatedOnToolsVersion = 13.2;
					};
					5A21C4D3276A88FB00AC6D55 = {
						CreatedOnToolsVersion = 13.2;
					};
					5A21C4DA276A88FB00AC6D55 = {
						CreatedOnToolsVersion = 13.2;
						TestTargetID = 5A21C4CD276A88FB00AC6D55;
					};
					5A21C4E6276A88FB00AC6D55 = {
						CreatedOnToolsVersion = 13.2;
						TestTargetID = 5A21C4D3276A88FB00AC6D55;
					};
				};
			};
			buildConfigurationList = 5A21C4C5276A88FB00AC6D55 /* Build configuration list for PBXProject "AGMockServerDemo" */;
			compatibilityVersion = "Xcode 13.0";
			developmentRegion = en;
			hasScannedForEncodings = 0;
			knownRegions = (
				en,
				Base,
			);
			mainGroup = 5A21C4C1276A88FB00AC6D55;
			productRefGroup = 5A21C4CF276A88FB00AC6D55 /* Products */;
			projectDirPath = "";
			projectRoot = "";
			targets = (
				5A21C4CD276A88FB00AC6D55 /* AGMockServerDemo (iOS) */,
				5A21C4D3276A88FB00AC6D55 /* AGMockServerDemo (macOS) */,
				5A21C4DA276A88FB00AC6D55 /* Tests iOS */,
				5A21C4E6276A88FB00AC6D55 /* Tests macOS */,
			);
		};
/* End PBXProject section */

/* Begin PBXResourcesBuildPhase section */
		5A21C4CC276A88FB00AC6D55 /* Resources */ = {
			isa = PBXResourcesBuildPhase;
			buildActionMask = 2147483647;
			files = (
				5A21C4F3276A88FB00AC6D55 /* Assets.xcassets in Resources */,
			);
			runOnlyForDeploymentPostprocessing = 0;
		};
		5A21C4D2276A88FB00AC6D55 /* Resources */ = {
			isa = PBXResourcesBuildPhase;
			buildActionMask = 2147483647;
			files = (
				5A21C4F4276A88FB00AC6D55 /* Assets.xcassets in Resources */,
			);
			runOnlyForDeploymentPostprocessing = 0;
		};
		5A21C4D9276A88FB00AC6D55 /* Resources */ = {
			isa = PBXResourcesBuildPhase;
			buildActionMask = 2147483647;
			files = (
			);
			runOnlyForDeploymentPostprocessing = 0;
		};
		5A21C4E5276A88FB00AC6D55 /* Resources */ = {
			isa = PBXResourcesBuildPhase;
			buildActionMask = 2147483647;
			files = (
			);
			runOnlyForDeploymentPostprocessing = 0;
		};
/* End PBXResourcesBuildPhase section */

/* Begin PBXSourcesBuildPhase section */
		5A21C4CA276A88FB00AC6D55 /* Sources */ = {
			isa = PBXSourcesBuildPhase;
			buildActionMask = 2147483647;
			files = (
				5A21C4F1276A88FB00AC6D55 /* ContentView.swift in Sources */,
				5A21C4EF276A88FB00AC6D55 /* AGMockServerDemoApp.swift in Sources */,
			);
			runOnlyForDeploymentPostprocessing = 0;
		};
		5A21C4D0276A88FB00AC6D55 /* Sources */ = {
			isa = PBXSourcesBuildPhase;
			buildActionMask = 2147483647;
			files = (
				5A21C4F2276A88FB00AC6D55 /* ContentView.swift in Sources */,
				5A21C4F0276A88FB00AC6D55 /* AGMockServerDemoApp.swift in Sources */,
			);
			runOnlyForDeploymentPostprocessing = 0;
		};
		5A21C4D7276A88FB00AC6D55 /* Sources */ = {
			isa = PBXSourcesBuildPhase;
			buildActionMask = 2147483647;
			files = (
				5A21C4E2276A88FB00AC6D55 /* Tests_iOSLaunchTests.swift in Sources */,
				5A21C4E0276A88FB00AC6D55 /* Tests_iOS.swift in Sources */,
			);
			runOnlyForDeploymentPostprocessing = 0;
		};
		5A21C4E3276A88FB00AC6D55 /* Sources */ = {
			isa = PBXSourcesBuildPhase;
			buildActionMask = 2147483647;
			files = (
				5A21C4EE276A88FB00AC6D55 /* Tests_macOSLaunchTests.swift in Sources */,
				5A21C4EC276A88FB00AC6D55 /* Tests_macOS.swift in Sources */,
			);
			runOnlyForDeploymentPostprocessing = 0;
		};
/* End PBXSourcesBuildPhase section */

/* Begin PBXTargetDependency section */
		5A21C4DD276A88FB00AC6D55 /* PBXTargetDependency */ = {
			isa = PBXTargetDependency;
			target = 5A21C4CD276A88FB00AC6D55 /* AGMockServerDemo (iOS) */;
			targetProxy = 5A21C4DC276A88FB00AC6D55 /* PBXContainerItemProxy */;
		};
		5A21C4E9276A88FB00AC6D55 /* PBXTargetDependency */ = {
			isa = PBXTargetDependency;
			target = 5A21C4D3276A88FB00AC6D55 /* AGMockServerDemo (macOS) */;
			targetProxy = 5A21C4E8276A88FB00AC6D55 /* PBXContainerItemProxy */;
		};
/* End PBXTargetDependency section */

/* Begin XCBuildConfiguration section */
		5A21C4F5276A88FB00AC6D55 /* Debug */ = {
			isa = XCBuildConfiguration;
			buildSettings = {
				ALWAYS_SEARCH_USER_PATHS = NO;
				CLANG_ANALYZER_NONNULL = YES;
				CLANG_ANALYZER_NUMBER_OBJECT_CONVERSION = YES_AGGRESSIVE;
				CLANG_CXX_LANGUAGE_STANDARD = "gnu++17";
				CLANG_CXX_LIBRARY = "libc++";
				CLANG_ENABLE_MODULES = YES;
				CLANG_ENABLE_OBJC_ARC = YES;
				CLANG_ENABLE_OBJC_WEAK = YES;
				CLANG_WARN_BLOCK_CAPTURE_AUTORELEASING = YES;
				CLANG_WARN_BOOL_CONVERSION = YES;
				CLANG_WARN_COMMA = YES;
				CLANG_WARN_CONSTANT_CONVERSION = YES;
				CLANG_WARN_DEPRECATED_OBJC_IMPLEMENTATIONS = YES;
				CLANG_WARN_DIRECT_OBJC_ISA_USAGE = YES_ERROR;
				CLANG_WARN_DOCUMENTATION_COMMENTS = YES;
				CLANG_WARN_EMPTY_BODY = YES;
				CLANG_WARN_ENUM_CONVERSION = YES;
				CLANG_WARN_INFINITE_RECURSION = YES;
				CLANG_WARN_INT_CONVERSION = YES;
				CLANG_WARN_NON_LITERAL_NULL_CONVERSION = YES;
				CLANG_WARN_OBJC_IMPLICIT_RETAIN_SELF = YES;
				CLANG_WARN_OBJC_LITERAL_CONVERSION = YES;
				CLANG_WARN_OBJC_ROOT_CLASS = YES_ERROR;
				CLANG_WARN_QUOTED_INCLUDE_IN_FRAMEWORK_HEADER = YES;
				CLANG_WARN_RANGE_LOOP_ANALYSIS = YES;
				CLANG_WARN_STRICT_PROTOTYPES = YES;
				CLANG_WARN_SUSPICIOUS_MOVE = YES;
				CLANG_WARN_UNGUARDED_AVAILABILITY = YES_AGGRESSIVE;
				CLANG_WARN_UNREACHABLE_CODE = YES;
				CLANG_WARN__DUPLICATE_METHOD_MATCH = YES;
				COPY_PHASE_STRIP = NO;
				DEBUG_INFORMATION_FORMAT = dwarf;
				ENABLE_STRICT_OBJC_MSGSEND = YES;
				ENABLE_TESTABILITY = YES;
				GCC_C_LANGUAGE_STANDARD = gnu11;
				GCC_DYNAMIC_NO_PIC = NO;
				GCC_NO_COMMON_BLOCKS = YES;
				GCC_OPTIMIZATION_LEVEL = 0;
				GCC_PREPROCESSOR_DEFINITIONS = (
					"DEBUG=1",
					"$(inherited)",
				);
				GCC_WARN_64_TO_32_BIT_CONVERSION = YES;
				GCC_WARN_ABOUT_RETURN_TYPE = YES_ERROR;
				GCC_WARN_UNDECLARED_SELECTOR = YES;
				GCC_WARN_UNINITIALIZED_AUTOS = YES_AGGRESSIVE;
				GCC_WARN_UNUSED_FUNCTION = YES;
				GCC_WARN_UNUSED_VARIABLE = YES;
				MTL_ENABLE_DEBUG_INFO = INCLUDE_SOURCE;
				MTL_FAST_MATH = YES;
				ONLY_ACTIVE_ARCH = YES;
				SWIFT_ACTIVE_COMPILATION_CONDITIONS = DEBUG;
				SWIFT_OPTIMIZATION_LEVEL = "-Onone";
			};
			name = Debug;
		};
		5A21C4F6276A88FB00AC6D55 /* Release */ = {
			isa = XCBuildConfiguration;
			buildSettings = {
				ALWAYS_SEARCH_USER_PATHS = NO;
				CLANG_ANALYZER_NONNULL = YES;
				CLANG_ANALYZER_NUMBER_OBJECT_CONVERSION = YES_AGGRESSIVE;
				CLANG_CXX_LANGUAGE_STANDARD = "gnu++17";
				CLANG_CXX_LIBRARY = "libc++";
				CLANG_ENABLE_MODULES = YES;
				CLANG_ENABLE_OBJC_ARC = YES;
				CLANG_ENABLE_OBJC_WEAK = YES;
				CLANG_WARN_BLOCK_CAPTURE_AUTORELEASING = YES;
				CLANG_WARN_BOOL_CONVERSION = YES;
				CLANG_WARN_COMMA = YES;
				CLANG_WARN_CONSTANT_CONVERSION = YES;
				CLANG_WARN_DEPRECATED_OBJC_IMPLEMENTATIONS = YES;
				CLANG_WARN_DIRECT_OBJC_ISA_USAGE = YES_ERROR;
				CLANG_WARN_DOCUMENTATION_COMMENTS = YES;
				CLANG_WARN_EMPTY_BODY = YES;
				CLANG_WARN_ENUM_CONVERSION = YES;
				CLANG_WARN_INFINITE_RECURSION = YES;
				CLANG_WARN_INT_CONVERSION = YES;
				CLANG_WARN_NON_LITERAL_NULL_CONVERSION = YES;
				CLANG_WARN_OBJC_IMPLICIT_RETAIN_SELF = YES;
				CLANG_WARN_OBJC_LITERAL_CONVERSION = YES;
				CLANG_WARN_OBJC_ROOT_CLASS = YES_ERROR;
				CLANG_WARN_QUOTED_INCLUDE_IN_FRAMEWORK_HEADER = YES;
				CLANG_WARN_RANGE_LOOP_ANALYSIS = YES;
				CLANG_WARN_STRICT_PROTOTYPES = YES;
				CLANG_WARN_SUSPICIOUS_MOVE = YES;
				CLANG_WARN_UNGUARDED_AVAILABILITY = YES_AGGRESSIVE;
				CLANG_WARN_UNREACHABLE_CODE = YES;
				CLANG_WARN__DUPLICATE_METHOD_MATCH = YES;
				COPY_PHASE_STRIP = NO;
				DEBUG_INFORMATION_FORMAT = "dwarf-with-dsym";
				ENABLE_NS_ASSERTIONS = NO;
				ENABLE_STRICT_OBJC_MSGSEND = YES;
				GCC_C_LANGUAGE_STANDARD = gnu11;
				GCC_NO_COMMON_BLOCKS = YES;
				GCC_WARN_64_TO_32_BIT_CONVERSION = YES;
				GCC_WARN_ABOUT_RETURN_TYPE = YES_ERROR;
				GCC_WARN_UNDECLARED_SELECTOR = YES;
				GCC_WARN_UNINITIALIZED_AUTOS = YES_AGGRESSIVE;
				GCC_WARN_UNUSED_FUNCTION = YES;
				GCC_WARN_UNUSED_VARIABLE = YES;
				MTL_ENABLE_DEBUG_INFO = NO;
				MTL_FAST_MATH = YES;
				SWIFT_COMPILATION_MODE = wholemodule;
				SWIFT_OPTIMIZATION_LEVEL = "-O";
			};
			name = Release;
		};
		5A21C4F8276A88FB00AC6D55 /* Debug */ = {
			isa = XCBuildConfiguration;
			buildSettings = {
				ASSETCATALOG_COMPILER_APPICON_NAME = AppIcon;
				ASSETCATALOG_COMPILER_GLOBAL_ACCENT_COLOR_NAME = AccentColor;
				CODE_SIGN_STYLE = Automatic;
				CURRENT_PROJECT_VERSION = 1;
				DEVELOPMENT_TEAM = BRG68T9M9H;
				ENABLE_PREVIEWS = YES;
				GENERATE_INFOPLIST_FILE = YES;
				INFOPLIST_KEY_UIApplicationSceneManifest_Generation = YES;
				INFOPLIST_KEY_UIApplicationSupportsIndirectInputEvents = YES;
				INFOPLIST_KEY_UILaunchScreen_Generation = YES;
				INFOPLIST_KEY_UISupportedInterfaceOrientations_iPad = "UIInterfaceOrientationPortrait UIInterfaceOrientationPortraitUpsideDown UIInterfaceOrientationLandscapeLeft UIInterfaceOrientationLandscapeRight";
				INFOPLIST_KEY_UISupportedInterfaceOrientations_iPhone = "UIInterfaceOrientationPortrait UIInterfaceOrientationLandscapeLeft UIInterfaceOrientationLandscapeRight";
				IPHONEOS_DEPLOYMENT_TARGET = 15.2;
				LD_RUNPATH_SEARCH_PATHS = (
					"$(inherited)",
					"@executable_path/Frameworks",
				);
				MARKETING_VERSION = 1.0;
				PRODUCT_BUNDLE_IDENTIFIER = mobi.agsoft.AGMockServerDemo;
				PRODUCT_NAME = AGMockServerDemo;
				SDKROOT = iphoneos;
				SWIFT_EMIT_LOC_STRINGS = YES;
				SWIFT_VERSION = 5.0;
				TARGETED_DEVICE_FAMILY = "1,2";
			};
			name = Debug;
		};
		5A21C4F9276A88FB00AC6D55 /* Release */ = {
			isa = XCBuildConfiguration;
			buildSettings = {
				ASSETCATALOG_COMPILER_APPICON_NAME = AppIcon;
				ASSETCATALOG_COMPILER_GLOBAL_ACCENT_COLOR_NAME = AccentColor;
				CODE_SIGN_STYLE = Automatic;
				CURRENT_PROJECT_VERSION = 1;
				DEVELOPMENT_TEAM = BRG68T9M9H;
				ENABLE_PREVIEWS = YES;
				GENERATE_INFOPLIST_FILE = YES;
				INFOPLIST_KEY_UIApplicationSceneManifest_Generation = YES;
				INFOPLIST_KEY_UIApplicationSupportsIndirectInputEvents = YES;
				INFOPLIST_KEY_UILaunchScreen_Generation = YES;
				INFOPLIST_KEY_UISupportedInterfaceOrientations_iPad = "UIInterfaceOrientationPortrait UIInterfaceOrientationPortraitUpsideDown UIInterfaceOrientationLandscapeLeft UIInterfaceOrientationLandscapeRight";
				INFOPLIST_KEY_UISupportedInterfaceOrientations_iPhone = "UIInterfaceOrientationPortrait UIInterfaceOrientationLandscapeLeft UIInterfaceOrientationLandscapeRight";
				IPHONEOS_DEPLOYMENT_TARGET = 15.2;
				LD_RUNPATH_SEARCH_PATHS = (
					"$(inherited)",
					"@executable_path/Frameworks",
				);
				MARKETING_VERSION = 1.0;
				PRODUCT_BUNDLE_IDENTIFIER = mobi.agsoft.AGMockServerDemo;
				PRODUCT_NAME = AGMockServerDemo;
				SDKROOT = iphoneos;
				SWIFT_EMIT_LOC_STRINGS = YES;
				SWIFT_VERSION = 5.0;
				TARGETED_DEVICE_FAMILY = "1,2";
				VALIDATE_PRODUCT = YES;
			};
			name = Release;
		};
		5A21C4FB276A88FB00AC6D55 /* Debug */ = {
			isa = XCBuildConfiguration;
			buildSettings = {
				ASSETCATALOG_COMPILER_APPICON_NAME = AppIcon;
				ASSETCATALOG_COMPILER_GLOBAL_ACCENT_COLOR_NAME = AccentColor;
				CODE_SIGN_ENTITLEMENTS = macOS/macOS.entitlements;
				CODE_SIGN_STYLE = Automatic;
				COMBINE_HIDPI_IMAGES = YES;
				CURRENT_PROJECT_VERSION = 1;
				DEVELOPMENT_TEAM = BRG68T9M9H;
				ENABLE_HARDENED_RUNTIME = YES;
				ENABLE_PREVIEWS = YES;
				GENERATE_INFOPLIST_FILE = YES;
				INFOPLIST_KEY_NSHumanReadableCopyright = "";
				LD_RUNPATH_SEARCH_PATHS = (
					"$(inherited)",
					"@executable_path/../Frameworks",
				);
				MACOSX_DEPLOYMENT_TARGET = 12.0;
				MARKETING_VERSION = 1.0;
				PRODUCT_BUNDLE_IDENTIFIER = mobi.agsoft.AGMockServerDemo;
				PRODUCT_NAME = AGMockServerDemo;
				SDKROOT = macosx;
				SWIFT_EMIT_LOC_STRINGS = YES;
				SWIFT_VERSION = 5.0;
			};
			name = Debug;
		};
		5A21C4FC276A88FB00AC6D55 /* Release */ = {
			isa = XCBuildConfiguration;
			buildSettings = {
				ASSETCATALOG_COMPILER_APPICON_NAME = AppIcon;
				ASSETCATALOG_COMPILER_GLOBAL_ACCENT_COLOR_NAME = AccentColor;
				CODE_SIGN_ENTITLEMENTS = macOS/macOS.entitlements;
				CODE_SIGN_STYLE = Automatic;
				COMBINE_HIDPI_IMAGES = YES;
				CURRENT_PROJECT_VERSION = 1;
				DEVELOPMENT_TEAM = BRG68T9M9H;
				ENABLE_HARDENED_RUNTIME = YES;
				ENABLE_PREVIEWS = YES;
				GENERATE_INFOPLIST_FILE = YES;
				INFOPLIST_KEY_NSHumanReadableCopyright = "";
				LD_RUNPATH_SEARCH_PATHS = (
					"$(inherited)",
					"@executable_path/../Frameworks",
				);
				MACOSX_DEPLOYMENT_TARGET = 12.0;
				MARKETING_VERSION = 1.0;
				PRODUCT_BUNDLE_IDENTIFIER = mobi.agsoft.AGMockServerDemo;
				PRODUCT_NAME = AGMockServerDemo;
				SDKROOT = macosx;
				SWIFT_EMIT_LOC_STRINGS = YES;
				SWIFT_VERSION = 5.0;
			};
			name = Release;
		};
		5A21C4FE276A88FB00AC6D55 /* Debug */ = {
			isa = XCBuildConfiguration;
			buildSettings = {
				ALWAYS_EMBED_SWIFT_STANDARD_LIBRARIES = YES;
				CODE_SIGN_STYLE = Automatic;
				CURRENT_PROJECT_VERSION = 1;
				DEVELOPMENT_TEAM = BRG68T9M9H;
				GENERATE_INFOPLIST_FILE = YES;
				IPHONEOS_DEPLOYMENT_TARGET = 15.2;
				MARKETING_VERSION = 1.0;
				PRODUCT_BUNDLE_IDENTIFIER = "mobi.agsoft.Tests-iOS";
				PRODUCT_NAME = "$(TARGET_NAME)";
				SDKROOT = iphoneos;
				SWIFT_EMIT_LOC_STRINGS = NO;
				SWIFT_VERSION = 5.0;
				TARGETED_DEVICE_FAMILY = "1,2";
				TEST_TARGET_NAME = "AGMockServerDemo (iOS)";
			};
			name = Debug;
		};
		5A21C4FF276A88FB00AC6D55 /* Release */ = {
			isa = XCBuildConfiguration;
			buildSettings = {
				ALWAYS_EMBED_SWIFT_STANDARD_LIBRARIES = YES;
				CODE_SIGN_STYLE = Automatic;
				CURRENT_PROJECT_VERSION = 1;
				DEVELOPMENT_TEAM = BRG68T9M9H;
				GENERATE_INFOPLIST_FILE = YES;
				IPHONEOS_DEPLOYMENT_TARGET = 15.2;
				MARKETING_VERSION = 1.0;
				PRODUCT_BUNDLE_IDENTIFIER = "mobi.agsoft.Tests-iOS";
				PRODUCT_NAME = "$(TARGET_NAME)";
				SDKROOT = iphoneos;
				SWIFT_EMIT_LOC_STRINGS = NO;
				SWIFT_VERSION = 5.0;
				TARGETED_DEVICE_FAMILY = "1,2";
				TEST_TARGET_NAME = "AGMockServerDemo (iOS)";
				VALIDATE_PRODUCT = YES;
			};
			name = Release;
		};
		5A21C501276A88FB00AC6D55 /* Debug */ = {
			isa = XCBuildConfiguration;
			buildSettings = {
				ALWAYS_EMBED_SWIFT_STANDARD_LIBRARIES = YES;
				CODE_SIGN_STYLE = Automatic;
				CURRENT_PROJECT_VERSION = 1;
				DEVELOPMENT_TEAM = BRG68T9M9H;
				GENERATE_INFOPLIST_FILE = YES;
				MACOSX_DEPLOYMENT_TARGET = 12.0;
				MARKETING_VERSION = 1.0;
				PRODUCT_BUNDLE_IDENTIFIER = "mobi.agsoft.Tests-macOS";
				PRODUCT_NAME = "$(TARGET_NAME)";
				SDKROOT = macosx;
				SWIFT_EMIT_LOC_STRINGS = NO;
				SWIFT_VERSION = 5.0;
				TEST_TARGET_NAME = "AGMockServerDemo (macOS)";
			};
			name = Debug;
		};
		5A21C502276A88FB00AC6D55 /* Release */ = {
			isa = XCBuildConfiguration;
			buildSettings = {
				ALWAYS_EMBED_SWIFT_STANDARD_LIBRARIES = YES;
				CODE_SIGN_STYLE = Automatic;
				CURRENT_PROJECT_VERSION = 1;
				DEVELOPMENT_TEAM = BRG68T9M9H;
				GENERATE_INFOPLIST_FILE = YES;
				MACOSX_DEPLOYMENT_TARGET = 12.0;
				MARKETING_VERSION = 1.0;
				PRODUCT_BUNDLE_IDENTIFIER = "mobi.agsoft.Tests-macOS";
				PRODUCT_NAME = "$(TARGET_NAME)";
				SDKROOT = macosx;
				SWIFT_EMIT_LOC_STRINGS = NO;
				SWIFT_VERSION = 5.0;
				TEST_TARGET_NAME = "AGMockServerDemo (macOS)";
			};
			name = Release;
		};
/* End XCBuildConfiguration section */

/* Begin XCConfigurationList section */
		5A21C4C5276A88FB00AC6D55 /* Build configuration list for PBXProject "AGMockServerDemo" */ = {
			isa = XCConfigurationList;
			buildConfigurations = (
				5A21C4F5276A88FB00AC6D55 /* Debug */,
				5A21C4F6276A88FB00AC6D55 /* Release */,
			);
			defaultConfigurationIsVisible = 0;
			defaultConfigurationName = Release;
		};
		5A21C4F7276A88FB00AC6D55 /* Build configuration list for PBXNativeTarget "AGMockServerDemo (iOS)" */ = {
			isa = XCConfigurationList;
			buildConfigurations = (
				5A21C4F8276A88FB00AC6D55 /* Debug */,
				5A21C4F9276A88FB00AC6D55 /* Release */,
			);
			defaultConfigurationIsVisible = 0;
			defaultConfigurationName = Release;
		};
		5A21C4FA276A88FB00AC6D55 /* Build configuration list for PBXNativeTarget "AGMockServerDemo (macOS)" */ = {
			isa = XCConfigurationList;
			buildConfigurations = (
				5A21C4FB276A88FB00AC6D55 /* Debug */,
				5A21C4FC276A88FB00AC6D55 /* Release */,
			);
			defaultConfigurationIsVisible = 0;
			defaultConfigurationName = Release;
		};
		5A21C4FD276A88FB00AC6D55 /* Build configuration list for PBXNativeTarget "Tests iOS" */ = {
			isa = XCConfigurationList;
			buildConfigurations = (
				5A21C4FE276A88FB00AC6D55 /* Debug */,
				5A21C4FF276A88FB00AC6D55 /* Release */,
			);
			defaultConfigurationIsVisible = 0;
			defaultConfigurationName = Release;
		};
		5A21C500276A88FB00AC6D55 /* Build configuration list for PBXNativeTarget "Tests macOS" */ = {
			isa = XCConfigurationList;
			buildConfigurations = (
				5A21C501276A88FB00AC6D55 /* Debug */,
				5A21C502276A88FB00AC6D55 /* Release */,
			);
			defaultConfigurationIsVisible = 0;
			defaultConfigurationName = Release;
		};
/* End XCConfigurationList section */
	};
	rootObject = 5A21C4C2276A88FB00AC6D55 /* Project object */;
}
